# THIS IS AN AUTOGENERATED FILE. DO NOT EDIT THIS FILE DIRECTLY.
# yarn lockfile v1


options@>=0.0.5:
  version "0.0.6"
  resolved "https://registry.yarnpkg.com/options/-/options-0.0.6.tgz#ec22d312806bb53e731773e7cdaefcf1c643128f"

slack@^8.2.7:
  version "8.2.7"
  resolved "https://registry.yarnpkg.com/slack/-/slack-8.2.7.tgz#7a795a3e5e8482d64075aae88e11f04f29358ba1"
  dependencies:
    tiny-json-http "^5.1.0"
    ws "^1.1.4"

tiny-json-http@^5.1.0:
  version "5.1.0"
  resolved "https://registry.yarnpkg.com/tiny-json-http/-/tiny-json-http-5.1.0.tgz#ac8fe99082c1511b86467940275c872e53087fbb"

ultron@1.0.x:
  version "1.0.2"
  resolved "https://registry.yarnpkg.com/ultron/-/ultron-1.0.2.tgz#ace116ab557cd197386a4e88f4685378c8b2e4fa"

ws@^1.1.4:
  version "1.1.4"
  resolved "https://registry.yarnpkg.com/ws/-/ws-1.1.4.tgz#57f40d036832e5f5055662a397c4de76ed66bf61"
  dependencies:
    options ">=0.0.5"
    ultron "1.0.x"
